
Microsoft Visual Studio Solution File, Format Version 12.00
# Visual Studio Version 17
VisualStudioVersion = 17.3.32929.385
MinimumVisualStudioVersion = 10.0.40219.1
Project("{FAE04EC0-301F-11D3-BF4B-00C04F79EFBC}") = "WhatsappMessageSenderWindowsForm", "WhatsappMessageSenderWindowsForm\WhatsappMessageSenderWindowsForm.csproj", "{5BE1EA1F-BBC8-4883-BBC8-D42F08C06552}"
EndProject
Global
	GlobalSection(SolutionConfigurationPlatforms) = preSolution
		Debug|Any CPU = Debug|Any CPU
		Release|Any CPU = Release|Any CPU
	EndGlobalSection
	GlobalSection(ProjectConfigurationPlatforms) = postSolution
		{5BE1EA1F-BBC8-4883-BBC8-D42F08C06552}.Debug|Any CPU.ActiveCfg = Debug|Any CPU
		{5BE1EA1F-BBC8-4883-BBC8-D42F08C06552}.Debug|Any CPU.Build.0 = Debug|Any CPU
		{5BE1EA1F-BBC8-4883-BBC8-D42F08C06552}.Release|Any CPU.ActiveCfg = Release|Any CPU
		{5BE1EA1F-BBC8-4883-BBC8-D42F08C06552}.Release|Any CPU.Build.0 = Release|Any CPU
	EndGlobalSection
	GlobalSection(SolutionProperties) = preSolution
		HideSolutionNode = FALSE
	EndGlobalSection
	GlobalSection(ExtensibilityGlobals) = postSolution
		SolutionGuid = {9B9E8B7D-947C-4B8D-9D83-21F81E086701}
	EndGlobalSection
EndGlobal
